
Microsoft Visual Studio Solution File, Format Version 12.00
# Visual Studio Version 17
VisualStudioVersion = 17.5.33627.172
MinimumVisualStudioVersion = 10.0.40219.1
Project("{FAE04EC0-301F-11D3-BF4B-00C04F79EFBC}") = "WarehouseLocationProblem", "WarehouseLocationProblem\WarehouseLocationProblem.csproj", "{B98CA3F4-9FAD-4431-A793-474940106A62}"
EndProject
Global
	GlobalSection(SolutionConfigurationPlatforms) = preSolution
		Debug|Any CPU = Debug|Any CPU
		Release|Any CPU = Release|Any CPU
	EndGlobalSection
	GlobalSection(ProjectConfigurationPlatforms) = postSolution
		{B98CA3F4-9FAD-4431-A793-474940106A62}.Debug|Any CPU.ActiveCfg = Debug|Any CPU
		{B98CA3F4-9FAD-4431-A793-474940106A62}.Debug|Any CPU.Build.0 = Debug|Any CPU
		{B98CA3F4-9FAD-4431-A793-474940106A62}.Release|Any CPU.ActiveCfg = Release|Any CPU
		{B98CA3F4-9FAD-4431-A793-474940106A62}.Release|Any CPU.Build.0 = Release|Any CPU
	EndGlobalSection
	GlobalSection(SolutionProperties) = preSolution
		HideSolutionNode = FALSE
	EndGlobalSection
	GlobalSection(ExtensibilityGlobals) = postSolution
		SolutionGuid = {B3840BF0-0EF1-4187-843F-101BAD9FAD6F}
	EndGlobalSection
EndGlobal
